<?xml version="1.0" encoding="utf-8"?>
<Project ToolsVersion="4.0" xmlns="http://schemas.microsoft.com/developer/msbuild/2003">
  <ItemGroup>
    <Filter Include="소스 파일">
      <UniqueIdentifier>{4FC737F1-C7A5-4376-A066-2A32D752A2FF}</UniqueIdentifier>
      <Extensions>cpp;c;cc;cxx;c++;cppm;ixx;def;odl;idl;hpj;bat;asm;asmx</Extensions>
    </Filter>
    <Filter Include="헤더 파일">
      <UniqueIdentifier>{93995380-89BD-4b04-88EB-625FBE52EBFB}</UniqueIdentifier>
      <Extensions>h;hh;hpp;hxx;h++;hm;inl;inc;ipp;xsd</Extensions>
    </Filter>
    <Filter Include="리소스 파일">
      <UniqueIdentifier>{67DA6AB6-F800-4c08-8B7A-83BB121AAD01}</UniqueIdentifier>
      <Extensions>rc;ico;cur;bmp;dlg;rc2;rct;bin;rgs;gif;jpg;jpeg;jpe;resx;tiff;tif;png;wav;mfcribbon-ms</Extensions>
    </Filter>
  </ItemGroup>
  <ItemGroup>
    <ClInclude Include="pch.h">
      <Filter>헤더 파일</Filter>
    </ClInclude>
    <ClInclude Include="GameApp.h">
      <Filter>헤더 파일</Filter>
    </ClInclude>
    <ClInclude Include="Render\D2DRender.h">
      <Filter>헤더 파일</Filter>
    </ClInclude>
    <ClInclude Include="Helper\CommonEnum.h">
      <Filter>헤더 파일</Filter>
    </ClInclude>
    <ClInclude Include="Resource\Animation2D.h">
      <Filter>헤더 파일</Filter>
    </ClInclude>
    <ClInclude Include="Resource\Manager\ResourceManager.h">
      <Filter>헤더 파일</Filter>
    </ClInclude>
    <ClInclude Include="Resource\Resource.h">
      <Filter>헤더 파일</Filter>
    </ClInclude>
    <ClInclude Include="World\Object\Object.h">
      <Filter>헤더 파일</Filter>
    </ClInclude>
    <ClInclude Include="Component\Transform2D.h">
      <Filter>헤더 파일</Filter>
    </ClInclude>
    <ClInclude Include="Component\Component.h">
      <Filter>헤더 파일</Filter>
    </ClInclude>
    <ClInclude Include="Component\Script.h">
      <Filter>헤더 파일</Filter>
    </ClInclude>
    <ClInclude Include="Component\Rednerer\Renderer.h">
      <Filter>헤더 파일</Filter>
    </ClInclude>
    <ClInclude Include="Helper\ReferenceCounter.h">
      <Filter>헤더 파일</Filter>
    </ClInclude>
    <ClInclude Include="Resource\Sprite2D.h">
      <Filter>헤더 파일</Filter>
    </ClInclude>
    <ClInclude Include="Component\Rednerer\SpriteRenderer2D.h">
      <Filter>헤더 파일</Filter>
    </ClInclude>
    <ClInclude Include="Component\Camera2D.h">
      <Filter>헤더 파일</Filter>
    </ClInclude>
    <ClInclude Include="Helper\Input\Input.h">
      <Filter>헤더 파일</Filter>
    </ClInclude>
    <ClInclude Include="Helper\Time\Time.h">
      <Filter>헤더 파일</Filter>
    </ClInclude>
    <ClInclude Include="Helper\Debug.h">
      <Filter>헤더 파일</Filter>
    </ClInclude>
    <ClInclude Include="Helper\Utillity.h">
      <Filter>헤더 파일</Filter>
    </ClInclude>
    <ClInclude Include="World\World.h">
      <Filter>헤더 파일</Filter>
    </ClInclude>
    <ClInclude Include="World\Manager\WorldManager.h">
      <Filter>헤더 파일</Filter>
    </ClInclude>
    <ClInclude Include="World\Layer\Layer.h">
      <Filter>헤더 파일</Filter>
    </ClInclude>
    <ClInclude Include="Component\Rednerer\Animator2D.h">
      <Filter>헤더 파일</Filter>
    </ClInclude>
    <ClInclude Include="World\Object\Actor\Actor.h">
      <Filter>헤더 파일</Filter>
    </ClInclude>
    <ClInclude Include="World\Object\Widget\Text\DynamicText.h">
      <Filter>헤더 파일</Filter>
    </ClInclude>
    <ClInclude Include="World\Object\Widget\Text\InputText.h">
      <Filter>헤더 파일</Filter>
    </ClInclude>
    <ClInclude Include="World\Object\Widget\Widget.h">
      <Filter>헤더 파일</Filter>
    </ClInclude>
    <ClInclude Include="Component\Rednerer\RectRenderer.h">
      <Filter>헤더 파일</Filter>
    </ClInclude>
    <ClInclude Include="Component\Collider\Collider.h">
      <Filter>헤더 파일</Filter>
    </ClInclude>
    <ClInclude Include="Component\Collider\BoxCollider2D.h">
      <Filter>헤더 파일</Filter>
    </ClInclude>
    <ClInclude Include="Component\Collider\CircleCollider2D.h">
      <Filter>헤더 파일</Filter>
    </ClInclude>
    <ClInclude Include="Physics\Manager\CollisionManager.h">
      <Filter>헤더 파일</Filter>
    </ClInclude>
    <ClInclude Include="Resource\AudioClip.h">
      <Filter>헤더 파일</Filter>
    </ClInclude>
    <ClInclude Include="Library\FMOD\fmod.h">
      <Filter>헤더 파일</Filter>
    </ClInclude>
    <ClInclude Include="Library\FMOD\fmod.hpp">
      <Filter>헤더 파일</Filter>
    </ClInclude>
    <ClInclude Include="Library\FMOD\fmod_codec.h">
      <Filter>헤더 파일</Filter>
    </ClInclude>
    <ClInclude Include="Library\FMOD\fmod_common.h">
      <Filter>헤더 파일</Filter>
    </ClInclude>
    <ClInclude Include="Library\FMOD\fmod_dsp.h">
      <Filter>헤더 파일</Filter>
    </ClInclude>
    <ClInclude Include="Library\FMOD\fmod_dsp_effects.h">
      <Filter>헤더 파일</Filter>
    </ClInclude>
    <ClInclude Include="Library\FMOD\fmod_errors.h">
      <Filter>헤더 파일</Filter>
    </ClInclude>
    <ClInclude Include="Library\FMOD\fmod_output.h">
      <Filter>헤더 파일</Filter>
    </ClInclude>
  </ItemGroup>
  <ItemGroup>
    <ClCompile Include="pch.cpp">
      <Filter>소스 파일</Filter>
    </ClCompile>
    <ClCompile Include="GameApp.cpp">
      <Filter>소스 파일</Filter>
    </ClCompile>
    <ClCompile Include="Render\D2DRender.cpp">
      <Filter>소스 파일</Filter>
    </ClCompile>
    <ClCompile Include="Resource\Animation2D.cpp">
      <Filter>소스 파일</Filter>
    </ClCompile>
    <ClCompile Include="Resource\Manager\ResourceManager.cpp">
      <Filter>소스 파일</Filter>
    </ClCompile>
    <ClCompile Include="Resource\Resource.cpp">
      <Filter>소스 파일</Filter>
    </ClCompile>
    <ClCompile Include="World\Object\Object.cpp">
      <Filter>소스 파일</Filter>
    </ClCompile>
    <ClCompile Include="Component\Transform2D.cpp">
      <Filter>소스 파일</Filter>
    </ClCompile>
    <ClCompile Include="Component\Component.cpp">
      <Filter>소스 파일</Filter>
    </ClCompile>
    <ClCompile Include="Component\Script.cpp">
      <Filter>소스 파일</Filter>
    </ClCompile>
    <ClCompile Include="Component\Rednerer\Renderer.cpp">
      <Filter>소스 파일</Filter>
    </ClCompile>
    <ClCompile Include="Resource\Sprite2D.cpp">
      <Filter>소스 파일</Filter>
    </ClCompile>
    <ClCompile Include="Component\Rednerer\SpriteRenderer2D.cpp">
      <Filter>소스 파일</Filter>
    </ClCompile>
    <ClCompile Include="Component\Camera2D.cpp">
      <Filter>소스 파일</Filter>
    </ClCompile>
    <ClCompile Include="Helper\Input\Input.cpp">
      <Filter>소스 파일</Filter>
    </ClCompile>
    <ClCompile Include="Helper\Time\Time.cpp">
      <Filter>소스 파일</Filter>
    </ClCompile>
    <ClCompile Include="Helper\Math\MathF.h">
      <Filter>소스 파일</Filter>
    </ClCompile>
    <ClCompile Include="World\World.cpp">
      <Filter>소스 파일</Filter>
    </ClCompile>
    <ClCompile Include="World\Manager\WorldManager.cpp">
      <Filter>소스 파일</Filter>
    </ClCompile>
    <ClCompile Include="World\Layer\Layer.cpp">
      <Filter>소스 파일</Filter>
    </ClCompile>
    <ClCompile Include="Component\Rednerer\Animator2D.cpp">
      <Filter>소스 파일</Filter>
    </ClCompile>
    <ClCompile Include="World\Object\Actor\Actor.cpp">
      <Filter>소스 파일</Filter>
    </ClCompile>
    <ClCompile Include="World\Object\Widget\Text\DynamicText.cpp">
      <Filter>소스 파일</Filter>
    </ClCompile>
    <ClCompile Include="World\Object\Widget\Text\InputText.cpp">
      <Filter>소스 파일</Filter>
    </ClCompile>
    <ClCompile Include="World\Object\Widget\Widget.cpp">
      <Filter>소스 파일</Filter>
    </ClCompile>
    <ClCompile Include="Component\Rednerer\RectRenderer.cpp">
      <Filter>소스 파일</Filter>
    </ClCompile>
    <ClCompile Include="Component\Collider\Collider.cpp">
      <Filter>소스 파일</Filter>
    </ClCompile>
    <ClCompile Include="Component\Collider\BoxCollider2D.cpp">
      <Filter>소스 파일</Filter>
    </ClCompile>
    <ClCompile Include="Component\Collider\CircleCollider2D.cpp">
      <Filter>소스 파일</Filter>
    </ClCompile>
    <ClCompile Include="Physics\Manager\CollisionManager.cpp">
      <Filter>소스 파일</Filter>
    </ClCompile>
    <ClCompile Include="Helper\DataType\Vector2.h">
      <Filter>소스 파일</Filter>
    </ClCompile>
    <ClCompile Include="Helper\DataType\Vector2.cpp">
      <Filter>소스 파일</Filter>
    </ClCompile>
    <ClCompile Include="Helper\Math\MathF.cpp">
      <Filter>소스 파일</Filter>
    </ClCompile>
    <ClCompile Include="Resource\AudioClip.cpp">
      <Filter>소스 파일</Filter>
    </ClCompile>
  </ItemGroup>
</Project>